
Microsoft Visual Studio Solution File, Format Version 12.00
# Visual Studio Version 16
VisualStudioVersion = 16.0.29009.5
MinimumVisualStudioVersion = 10.0.40219.1
Project("{9A19103F-16F7-4668-BE54-9A1E7A4F7556}") = "UserManager", "UserManager\UserManager.csproj", "{968C1BA7-E1BB-4174-9030-AD881FD494E6}"
EndProject
Project("{9A19103F-16F7-4668-BE54-9A1E7A4F7556}") = "OrderManager", "OrderManager\OrderManager.csproj", "{E5B7AB78-5E31-4639-A736-3022A601CF34}"
EndProject
Project("{9A19103F-16F7-4668-BE54-9A1E7A4F7556}") = "OrderManager.Http", "OrderManager.Http\OrderManager.Http.csproj", "{6354D2EB-E9CA-48BE-8D69-1E833A944A58}"
EndProject
Project("{FAE04EC0-301F-11D3-BF4B-00C04F79EFBC}") = "OrderManager.Messages", "OrderManager.Messages\OrderManager.Messages.csproj", "{D094D255-930A-4F39-B1A4-2F934AC14880}"
EndProject
Global
	GlobalSection(SolutionConfigurationPlatforms) = preSolution
		Debug|Any CPU = Debug|Any CPU
		Release|Any CPU = Release|Any CPU
	EndGlobalSection
	GlobalSection(ProjectConfigurationPlatforms) = postSolution
		{968C1BA7-E1BB-4174-9030-AD881FD494E6}.Debug|Any CPU.ActiveCfg = Debug|Any CPU
		{968C1BA7-E1BB-4174-9030-AD881FD494E6}.Debug|Any CPU.Build.0 = Debug|Any CPU
		{968C1BA7-E1BB-4174-9030-AD881FD494E6}.Release|Any CPU.ActiveCfg = Release|Any CPU
		{968C1BA7-E1BB-4174-9030-AD881FD494E6}.Release|Any CPU.Build.0 = Release|Any CPU
		{E5B7AB78-5E31-4639-A736-3022A601CF34}.Debug|Any CPU.ActiveCfg = Debug|Any CPU
		{E5B7AB78-5E31-4639-A736-3022A601CF34}.Debug|Any CPU.Build.0 = Debug|Any CPU
		{E5B7AB78-5E31-4639-A736-3022A601CF34}.Release|Any CPU.ActiveCfg = Release|Any CPU
		{E5B7AB78-5E31-4639-A736-3022A601CF34}.Release|Any CPU.Build.0 = Release|Any CPU
		{6354D2EB-E9CA-48BE-8D69-1E833A944A58}.Debug|Any CPU.ActiveCfg = Debug|Any CPU
		{6354D2EB-E9CA-48BE-8D69-1E833A944A58}.Debug|Any CPU.Build.0 = Debug|Any CPU
		{6354D2EB-E9CA-48BE-8D69-1E833A944A58}.Release|Any CPU.ActiveCfg = Release|Any CPU
		{6354D2EB-E9CA-48BE-8D69-1E833A944A58}.Release|Any CPU.Build.0 = Release|Any CPU
		{D094D255-930A-4F39-B1A4-2F934AC14880}.Debug|Any CPU.ActiveCfg = Debug|Any CPU
		{D094D255-930A-4F39-B1A4-2F934AC14880}.Debug|Any CPU.Build.0 = Debug|Any CPU
		{D094D255-930A-4F39-B1A4-2F934AC14880}.Release|Any CPU.ActiveCfg = Release|Any CPU
		{D094D255-930A-4F39-B1A4-2F934AC14880}.Release|Any CPU.Build.0 = Release|Any CPU
	EndGlobalSection
	GlobalSection(SolutionProperties) = preSolution
		HideSolutionNode = FALSE
	EndGlobalSection
	GlobalSection(ExtensibilityGlobals) = postSolution
		SolutionGuid = {2E792E19-4360-409E-AED4-5B265FE91A3A}
	EndGlobalSection
EndGlobal
